// !$*UTF8*$!
{
	archiveVersion = 1;
	classes = {
	};
	objectVersion = 55;
	objects = {

/* Begin PBXBuildFile section */
		896343F42871F3F400ACB482 /* AppDelegate.swift in Sources */ = {isa = PBXBuildFile; fileRef = 896343F32871F3F400ACB482 /* AppDelegate.swift */; };
		896343F62871F3F400ACB482 /* SceneDelegate.swift in Sources */ = {isa = PBXBuildFile; fileRef = 896343F52871F3F400ACB482 /* SceneDelegate.swift */; };
		896343F82871F3F400ACB482 /* ViewController.swift in Sources */ = {isa = PBXBuildFile; fileRef = 896343F72871F3F400ACB482 /* ViewController.swift */; };
		896343FB2871F3F400ACB482 /* Main.storyboard in Resources */ = {isa = PBXBuildFile; fileRef = 896343F92871F3F400ACB482 /* Main.storyboard */; };
		896343FD2871F3F700ACB482 /* Assets.xcassets in Resources */ = {isa = PBXBuildFile; fileRef = 896343FC2871F3F700ACB482 /* Assets.xcassets */; };
		896344002871F3F700ACB482 /* LaunchScreen.storyboard in Resources */ = {isa = PBXBuildFile; fileRef = 896343FE2871F3F700ACB482 /* LaunchScreen.storyboard */; };
		89D9E6962871FE1F001884A4 /* russia_losses_equipment.json in Resources */ = {isa = PBXBuildFile; fileRef = 89D9E6942871FE1F001884A4 /* russia_losses_equipment.json */; };
		89D9E6972871FE1F001884A4 /* russia_losses_personnel.json in Resources */ = {isa = PBXBuildFile; fileRef = 89D9E6952871FE1F001884A4 /* russia_losses_personnel.json */; };
		89D9E6992871FEDE001884A4 /* EquipmentLossesDto.swift in Sources */ = {isa = PBXBuildFile; fileRef = 89D9E6982871FEDE001884A4 /* EquipmentLossesDto.swift */; };
		89D9E69B2871FEF6001884A4 /* PersonnelLossesDto.swift in Sources */ = {isa = PBXBuildFile; fileRef = 89D9E69A2871FEF6001884A4 /* PersonnelLossesDto.swift */; };
		89D9E69D2873142C001884A4 /* MergedLosses.swift in Sources */ = {isa = PBXBuildFile; fileRef = 89D9E69C2873142C001884A4 /* MergedLosses.swift */; };
		89D9E6A2287314C5001884A4 /* FileOperationsController.swift in Sources */ = {isa = PBXBuildFile; fileRef = 89D9E6A1287314C5001884A4 /* FileOperationsController.swift */; };
		89D9E6A42873150B001884A4 /* DataRepositorySingleton.swift in Sources */ = {isa = PBXBuildFile; fileRef = 89D9E6A32873150B001884A4 /* DataRepositorySingleton.swift */; };
		89D9E6A8287341AF001884A4 /* DateListTableViewController.swift in Sources */ = {isa = PBXBuildFile; fileRef = 89D9E6A7287341AF001884A4 /* DateListTableViewController.swift */; };
		89D9E6B02875C1A0001884A4 /* Utilities.swift in Sources */ = {isa = PBXBuildFile; fileRef = 89D9E6AF2875C1A0001884A4 /* Utilities.swift */; };
		89D9E6B32875D826001884A4 /* DateTableViewCell.swift in Sources */ = {isa = PBXBuildFile; fileRef = 89D9E6B22875D826001884A4 /* DateTableViewCell.swift */; };
		89D9E6B52875F591001884A4 /* DetailedInfoViewController.swift in Sources */ = {isa = PBXBuildFile; fileRef = 89D9E6B42875F591001884A4 /* DetailedInfoViewController.swift */; };
/* End PBXBuildFile section */

/* Begin PBXFileReference section */
		896343F02871F3F400ACB482 /* EnemyLossesApp.app */ = {isa = PBXFileReference; explicitFileType = wrapper.application; includeInIndex = 0; path = EnemyLossesApp.app; sourceTree = BUILT_PRODUCTS_DIR; };
		896343F32871F3F400ACB482 /* AppDelegate.swift */ = {isa = PBXFileReference; lastKnownFileType = sourcecode.swift; path = AppDelegate.swift; sourceTree = "<group>"; };
		896343F52871F3F400ACB482 /* SceneDelegate.swift */ = {isa = PBXFileReference; lastKnownFileType = sourcecode.swift; path = SceneDelegate.swift; sourceTree = "<group>"; };
		896343F72871F3F400ACB482 /* ViewController.swift */ = {isa = PBXFileReference; lastKnownFileType = sourcecode.swift; path = ViewController.swift; sourceTree = "<group>"; };
		896343FA2871F3F400ACB482 /* Base */ = {isa = PBXFileReference; lastKnownFileType = file.storyboard; name = Base; path = Base.lproj/Main.storyboard; sourceTree = "<group>"; };
		896343FC2871F3F700ACB482 /* Assets.xcassets */ = {isa = PBXFileReference; lastKnownFileType = folder.assetcatalog; path = Assets.xcassets; sourceTree = "<group>"; };
		896343FF2871F3F700ACB482 /* Base */ = {isa = PBXFileReference; lastKnownFileType = file.storyboard; name = Base; path = Base.lproj/LaunchScreen.storyboard; sourceTree = "<group>"; };
		896344012871F3F700ACB482 /* Info.plist */ = {isa = PBXFileReference; lastKnownFileType = text.plist.xml; path = Info.plist; sourceTree = "<group>"; };
		89D9E6942871FE1F001884A4 /* russia_losses_equipment.json */ = {isa = PBXFileReference; fileEncoding = 4; lastKnownFileType = text.json; name = russia_losses_equipment.json; path = ../../../russia_losses_equipment.json; sourceTree = "<group>"; };
		89D9E6952871FE1F001884A4 /* russia_losses_personnel.json */ = {isa = PBXFileReference; fileEncoding = 4; lastKnownFileType = text.json; name = russia_losses_personnel.json; path = ../../../russia_losses_personnel.json; sourceTree = "<group>"; };
		89D9E6982871FEDE001884A4 /* EquipmentLossesDto.swift */ = {isa = PBXFileReference; lastKnownFileType = sourcecode.swift; path = EquipmentLossesDto.swift; sourceTree = "<group>"; };
		89D9E69A2871FEF6001884A4 /* PersonnelLossesDto.swift */ = {isa = PBXFileReference; lastKnownFileType = sourcecode.swift; path = PersonnelLossesDto.swift; sourceTree = "<group>"; };
		89D9E69C2873142C001884A4 /* MergedLosses.swift */ = {isa = PBXFileReference; lastKnownFileType = sourcecode.swift; path = MergedLosses.swift; sourceTree = "<group>"; };
		89D9E6A1287314C5001884A4 /* FileOperationsController.swift */ = {isa = PBXFileReference; lastKnownFileType = sourcecode.swift; path = FileOperationsController.swift; sourceTree = "<group>"; };
		89D9E6A32873150B001884A4 /* DataRepositorySingleton.swift */ = {isa = PBXFileReference; lastKnownFileType = sourcecode.swift; path = DataRepositorySingleton.swift; sourceTree = "<group>"; };
		89D9E6A7287341AF001884A4 /* DateListTableViewController.swift */ = {isa = PBXFileReference; lastKnownFileType = sourcecode.swift; path = DateListTableViewController.swift; sourceTree = "<group>"; };
		89D9E6AF2875C1A0001884A4 /* Utilities.swift */ = {isa = PBXFileReference; lastKnownFileType = sourcecode.swift; path = Utilities.swift; sourceTree = "<group>"; };
		89D9E6B22875D826001884A4 /* DateTableViewCell.swift */ = {isa = PBXFileReference; lastKnownFileType = sourcecode.swift; path = DateTableViewCell.swift; sourceTree = "<group>"; };
		89D9E6B42875F591001884A4 /* DetailedInfoViewController.swift */ = {isa = PBXFileReference; lastKnownFileType = sourcecode.swift; path = DetailedInfoViewController.swift; sourceTree = "<group>"; };
/* End PBXFileReference section */

/* Begin PBXFrameworksBuildPhase section */
		896343ED2871F3F400ACB482 /* Frameworks */ = {
			isa = PBXFrameworksBuildPhase;
			buildActionMask = 2147483647;
			files = (
			);
			runOnlyForDeploymentPostprocessing = 0;
		};
/* End PBXFrameworksBuildPhase section */

/* Begin PBXGroup section */
		896343E72871F3F400ACB482 = {
			isa = PBXGroup;
			children = (
				896343F22871F3F400ACB482 /* EnemyLossesApp */,
				896343F12871F3F400ACB482 /* Products */,
			);
			sourceTree = "<group>";
		};
		896343F12871F3F400ACB482 /* Products */ = {
			isa = PBXGroup;
			children = (
				896343F02871F3F400ACB482 /* EnemyLossesApp.app */,
			);
			name = Products;
			sourceTree = "<group>";
		};
		896343F22871F3F400ACB482 /* EnemyLossesApp */ = {
			isa = PBXGroup;
			children = (
				89D9E6B12875D434001884A4 /* Repositories */,
				89D9E69E28731487001884A4 /* Utitlities */,
				8963440C2871F47800ACB482 /* Data */,
				8963440B2871F45800ACB482 /* App */,
				896344092871F42D00ACB482 /* Models */,
				896344082871F41A00ACB482 /* Controllers */,
				896344072871F40B00ACB482 /* Views */,
				896343FC2871F3F700ACB482 /* Assets.xcassets */,
				896344012871F3F700ACB482 /* Info.plist */,
			);
			path = EnemyLossesApp;
			sourceTree = "<group>";
		};
		896344072871F40B00ACB482 /* Views */ = {
			isa = PBXGroup;
			children = (
				89D9E6A62873417A001884A4 /* ViewControllers */,
				89D9E6A52873411B001884A4 /* Storyboards */,
			);
			path = Views;
			sourceTree = "<group>";
		};
		896344082871F41A00ACB482 /* Controllers */ = {
			isa = PBXGroup;
			children = (
				89D9E6A1287314C5001884A4 /* FileOperationsController.swift */,
				896343F72871F3F400ACB482 /* ViewController.swift */,
			);
			path = Controllers;
			sourceTree = "<group>";
		};
		896344092871F42D00ACB482 /* Models */ = {
			isa = PBXGroup;
			children = (
				8963440A2871F44100ACB482 /* Dtos */,
				89D9E69C2873142C001884A4 /* MergedLosses.swift */,
			);
			path = Models;
			sourceTree = "<group>";
		};
		8963440A2871F44100ACB482 /* Dtos */ = {
			isa = PBXGroup;
			children = (
				89D9E6982871FEDE001884A4 /* EquipmentLossesDto.swift */,
				89D9E69A2871FEF6001884A4 /* PersonnelLossesDto.swift */,
			);
			path = Dtos;
			sourceTree = "<group>";
		};
		8963440B2871F45800ACB482 /* App */ = {
			isa = PBXGroup;
			children = (
				896343F52871F3F400ACB482 /* SceneDelegate.swift */,
				896343F32871F3F400ACB482 /* AppDelegate.swift */,
			);
			path = App;
			sourceTree = "<group>";
		};
		8963440C2871F47800ACB482 /* Data */ = {
			isa = PBXGroup;
			children = (
				89D9E6942871FE1F001884A4 /* russia_losses_equipment.json */,
				89D9E6952871FE1F001884A4 /* russia_losses_personnel.json */,
			);
			path = Data;
			sourceTree = "<group>";
		};
		89D9E69E28731487001884A4 /* Utitlities */ = {
			isa = PBXGroup;
			children = (
				89D9E6AF2875C1A0001884A4 /* Utilities.swift */,
			);
			path = Utitlities;
			sourceTree = "<group>";
		};
		89D9E6A52873411B001884A4 /* Storyboards */ = {
			isa = PBXGroup;
			children = (
				896343F92871F3F400ACB482 /* Main.storyboard */,
				896343FE2871F3F700ACB482 /* LaunchScreen.storyboard */,
			);
			path = Storyboards;
			sourceTree = "<group>";
		};
		89D9E6A62873417A001884A4 /* ViewControllers */ = {
			isa = PBXGroup;
			children = (
				89D9E6A7287341AF001884A4 /* DateListTableViewController.swift */,
				89D9E6B22875D826001884A4 /* DateTableViewCell.swift */,
				89D9E6B42875F591001884A4 /* DetailedInfoViewController.swift */,
			);
			path = ViewControllers;
			sourceTree = "<group>";
		};
		89D9E6B12875D434001884A4 /* Repositories */ = {
			isa = PBXGroup;
			children = (
				89D9E6A32873150B001884A4 /* DataRepositorySingleton.swift */,
			);
			path = Repositories;
			sourceTree = "<group>";
		};
/* End PBXGroup section */

/* Begin PBXNativeTarget section */
		896343EF2871F3F400ACB482 /* EnemyLossesApp */ = {
			isa = PBXNativeTarget;
			buildConfigurationList = 896344042871F3F700ACB482 /* Build configuration list for PBXNativeTarget "EnemyLossesApp" */;
			buildPhases = (
				896343EC2871F3F400ACB482 /* Sources */,
				896343ED2871F3F400ACB482 /* Frameworks */,
				896343EE2871F3F400ACB482 /* Resources */,
			);
			buildRules = (
			);
			dependencies = (
			);
			name = EnemyLossesApp;
			productName = EnemyLossesApp;
			productReference = 896343F02871F3F400ACB482 /* EnemyLossesApp.app */;
			productType = "com.apple.product-type.application";
		};
/* End PBXNativeTarget section */

/* Begin PBXProject section */
		896343E82871F3F400ACB482 /* Project object */ = {
			isa = PBXProject;
			attributes = {
				BuildIndependentTargetsInParallel = 1;
				LastSwiftUpdateCheck = 1310;
				LastUpgradeCheck = 1310;
				TargetAttributes = {
					896343EF2871F3F400ACB482 = {
						CreatedOnToolsVersion = 13.1;
					};
				};
			};
			buildConfigurationList = 896343EB2871F3F400ACB482 /* Build configuration list for PBXProject "EnemyLossesApp" */;
			compatibilityVersion = "Xcode 13.0";
			developmentRegion = en;
			hasScannedForEncodings = 0;
			knownRegions = (
				en,
				Base,
			);
			mainGroup = 896343E72871F3F400ACB482;
			productRefGroup = 896343F12871F3F400ACB482 /* Products */;
			projectDirPath = "";
			projectRoot = "";
			targets = (
				896343EF2871F3F400ACB482 /* EnemyLossesApp */,
			);
		};
/* End PBXProject section */

/* Begin PBXResourcesBuildPhase section */
		896343EE2871F3F400ACB482 /* Resources */ = {
			isa = PBXResourcesBuildPhase;
			buildActionMask = 2147483647;
			files = (
				896344002871F3F700ACB482 /* LaunchScreen.storyboard in Resources */,
				896343FD2871F3F700ACB482 /* Assets.xcassets in Resources */,
				89D9E6962871FE1F001884A4 /* russia_losses_equipment.json in Resources */,
				89D9E6972871FE1F001884A4 /* russia_losses_personnel.json in Resources */,
				896343FB2871F3F400ACB482 /* Main.storyboard in Resources */,
			);
			runOnlyForDeploymentPostprocessing = 0;
		};
/* End PBXResourcesBuildPhase section */

/* Begin PBXSourcesBuildPhase section */
		896343EC2871F3F400ACB482 /* Sources */ = {
			isa = PBXSourcesBuildPhase;
			buildActionMask = 2147483647;
			files = (
				89D9E6A2287314C5001884A4 /* FileOperationsController.swift in Sources */,
				89D9E6A42873150B001884A4 /* DataRepositorySingleton.swift in Sources */,
				89D9E69B2871FEF6001884A4 /* PersonnelLossesDto.swift in Sources */,
				89D9E69D2873142C001884A4 /* MergedLosses.swift in Sources */,
				89D9E6B02875C1A0001884A4 /* Utilities.swift in Sources */,
				89D9E6B52875F591001884A4 /* DetailedInfoViewController.swift in Sources */,
				89D9E6A8287341AF001884A4 /* DateListTableViewController.swift in Sources */,
				896343F82871F3F400ACB482 /* ViewController.swift in Sources */,
				89D9E6B32875D826001884A4 /* DateTableViewCell.swift in Sources */,
				896343F42871F3F400ACB482 /* AppDelegate.swift in Sources */,
				896343F62871F3F400ACB482 /* SceneDelegate.swift in Sources */,
				89D9E6992871FEDE001884A4 /* EquipmentLossesDto.swift in Sources */,
			);
			runOnlyForDeploymentPostprocessing = 0;
		};
/* End PBXSourcesBuildPhase section */

/* Begin PBXVariantGroup section */
		896343F92871F3F400ACB482 /* Main.storyboard */ = {
			isa = PBXVariantGroup;
			children = (
				896343FA2871F3F400ACB482 /* Base */,
			);
			name = Main.storyboard;
			sourceTree = "<group>";
		};
		896343FE2871F3F700ACB482 /* LaunchScreen.storyboard */ = {
			isa = PBXVariantGroup;
			children = (
				896343FF2871F3F700ACB482 /* Base */,
			);
			name = LaunchScreen.storyboard;
			sourceTree = "<group>";
		};
/* End PBXVariantGroup section */

/* Begin XCBuildConfiguration section */
		896344022871F3F700ACB482 /* Debug */ = {
			isa = XCBuildConfiguration;
			buildSettings = {
				ALWAYS_SEARCH_USER_PATHS = NO;
				CLANG_ANALYZER_NONNULL = YES;
				CLANG_ANALYZER_NUMBER_OBJECT_CONVERSION = YES_AGGRESSIVE;
				CLANG_CXX_LANGUAGE_STANDARD = "gnu++17";
				CLANG_CXX_LIBRARY = "libc++";
				CLANG_ENABLE_MODULES = YES;
				CLANG_ENABLE_OBJC_ARC = YES;
				CLANG_ENABLE_OBJC_WEAK = YES;
				CLANG_WARN_BLOCK_CAPTURE_AUTORELEASING = YES;
				CLANG_WARN_BOOL_CONVERSION = YES;
				CLANG_WARN_COMMA = YES;
				CLANG_WARN_CONSTANT_CONVERSION = YES;
				CLANG_WARN_DEPRECATED_OBJC_IMPLEMENTATIONS = YES;
				CLANG_WARN_DIRECT_OBJC_ISA_USAGE = YES_ERROR;
				CLANG_WARN_DOCUMENTATION_COMMENTS = YES;
				CLANG_WARN_EMPTY_BODY = YES;
				CLANG_WARN_ENUM_CONVERSION = YES;
				CLANG_WARN_INFINITE_RECURSION = YES;
				CLANG_WARN_INT_CONVERSION = YES;
				CLANG_WARN_NON_LITERAL_NULL_CONVERSION = YES;
				CLANG_WARN_OBJC_IMPLICIT_RETAIN_SELF = YES;
				CLANG_WARN_OBJC_LITERAL_CONVERSION = YES;
				CLANG_WARN_OBJC_ROOT_CLASS = YES_ERROR;
				CLANG_WARN_QUOTED_INCLUDE_IN_FRAMEWORK_HEADER = YES;
				CLANG_WARN_RANGE_LOOP_ANALYSIS = YES;
				CLANG_WARN_STRICT_PROTOTYPES = YES;
				CLANG_WARN_SUSPICIOUS_MOVE = YES;
				CLANG_WARN_UNGUARDED_AVAILABILITY = YES_AGGRESSIVE;
				CLANG_WARN_UNREACHABLE_CODE = YES;
				CLANG_WARN__DUPLICATE_METHOD_MATCH = YES;
				COPY_PHASE_STRIP = NO;
				DEBUG_INFORMATION_FORMAT = dwarf;
				ENABLE_STRICT_OBJC_MSGSEND = YES;
				ENABLE_TESTABILITY = YES;
				GCC_C_LANGUAGE_STANDARD = gnu11;
				GCC_DYNAMIC_NO_PIC = NO;
				GCC_NO_COMMON_BLOCKS = YES;
				GCC_OPTIMIZATION_LEVEL = 0;
				GCC_PREPROCESSOR_DEFINITIONS = (
					"DEBUG=1",
					"$(inherited)",
				);
				GCC_WARN_64_TO_32_BIT_CONVERSION = YES;
				GCC_WARN_ABOUT_RETURN_TYPE = YES_ERROR;
				GCC_WARN_UNDECLARED_SELECTOR = YES;
				GCC_WARN_UNINITIALIZED_AUTOS = YES_AGGRESSIVE;
				GCC_WARN_UNUSED_FUNCTION = YES;
				GCC_WARN_UNUSED_VARIABLE = YES;
				IPHONEOS_DEPLOYMENT_TARGET = 15.0;
				MTL_ENABLE_DEBUG_INFO = INCLUDE_SOURCE;
				MTL_FAST_MATH = YES;
				ONLY_ACTIVE_ARCH = YES;
				SDKROOT = iphoneos;
				SWIFT_ACTIVE_COMPILATION_CONDITIONS = DEBUG;
				SWIFT_OPTIMIZATION_LEVEL = "-Onone";
			};
			name = Debug;
		};
		896344032871F3F700ACB482 /* Release */ = {
			isa = XCBuildConfiguration;
			buildSettings = {
				ALWAYS_SEARCH_USER_PATHS = NO;
				CLANG_ANALYZER_NONNULL = YES;
				CLANG_ANALYZER_NUMBER_OBJECT_CONVERSION = YES_AGGRESSIVE;
				CLANG_CXX_LANGUAGE_STANDARD = "gnu++17";
				CLANG_CXX_LIBRARY = "libc++";
				CLANG_ENABLE_MODULES = YES;
				CLANG_ENABLE_OBJC_ARC = YES;
				CLANG_ENABLE_OBJC_WEAK = YES;
				CLANG_WARN_BLOCK_CAPTURE_AUTORELEASING = YES;
				CLANG_WARN_BOOL_CONVERSION = YES;
				CLANG_WARN_COMMA = YES;
				CLANG_WARN_CONSTANT_CONVERSION = YES;
				CLANG_WARN_DEPRECATED_OBJC_IMPLEMENTATIONS = YES;
				CLANG_WARN_DIRECT_OBJC_ISA_USAGE = YES_ERROR;
				CLANG_WARN_DOCUMENTATION_COMMENTS = YES;
				CLANG_WARN_EMPTY_BODY = YES;
				CLANG_WARN_ENUM_CONVERSION = YES;
				CLANG_WARN_INFINITE_RECURSION = YES;
				CLANG_WARN_INT_CONVERSION = YES;
				CLANG_WARN_NON_LITERAL_NULL_CONVERSION = YES;
				CLANG_WARN_OBJC_IMPLICIT_RETAIN_SELF = YES;
				CLANG_WARN_OBJC_LITERAL_CONVERSION = YES;
				CLANG_WARN_OBJC_ROOT_CLASS = YES_ERROR;
				CLANG_WARN_QUOTED_INCLUDE_IN_FRAMEWORK_HEADER = YES;
				CLANG_WARN_RANGE_LOOP_ANALYSIS = YES;
				CLANG_WARN_STRICT_PROTOTYPES = YES;
				CLANG_WARN_SUSPICIOUS_MOVE = YES;
				CLANG_WARN_UNGUARDED_AVAILABILITY = YES_AGGRESSIVE;
				CLANG_WARN_UNREACHABLE_CODE = YES;
				CLANG_WARN__DUPLICATE_METHOD_MATCH = YES;
				COPY_PHASE_STRIP = NO;
				DEBUG_INFORMATION_FORMAT = "dwarf-with-dsym";
				ENABLE_NS_ASSERTIONS = NO;
				ENABLE_STRICT_OBJC_MSGSEND = YES;
				GCC_C_LANGUAGE_STANDARD = gnu11;
				GCC_NO_COMMON_BLOCKS = YES;
				GCC_WARN_64_TO_32_BIT_CONVERSION = YES;
				GCC_WARN_ABOUT_RETURN_TYPE = YES_ERROR;
				GCC_WARN_UNDECLARED_SELECTOR = YES;
				GCC_WARN_UNINITIALIZED_AUTOS = YES_AGGRESSIVE;
				GCC_WARN_UNUSED_FUNCTION = YES;
				GCC_WARN_UNUSED_VARIABLE = YES;
				IPHONEOS_DEPLOYMENT_TARGET = 15.0;
				MTL_ENABLE_DEBUG_INFO = NO;
				MTL_FAST_MATH = YES;
				SDKROOT = iphoneos;
				SWIFT_COMPILATION_MODE = wholemodule;
				SWIFT_OPTIMIZATION_LEVEL = "-O";
				VALIDATE_PRODUCT = YES;
			};
			name = Release;
		};
		896344052871F3F700ACB482 /* Debug */ = {
			isa = XCBuildConfiguration;
			buildSettings = {
				ASSETCATALOG_COMPILER_APPICON_NAME = AppIcon;
				ASSETCATALOG_COMPILER_GLOBAL_ACCENT_COLOR_NAME = AccentColor;
				CODE_SIGN_STYLE = Automatic;
				CURRENT_PROJECT_VERSION = 1;
				DEVELOPMENT_TEAM = KY4JJAGL7X;
				GENERATE_INFOPLIST_FILE = YES;
				INFOPLIST_FILE = EnemyLossesApp/Info.plist;
				INFOPLIST_KEY_UIApplicationSupportsIndirectInputEvents = YES;
				INFOPLIST_KEY_UILaunchStoryboardName = LaunchScreen;
				INFOPLIST_KEY_UIMainStoryboardFile = Main;
				INFOPLIST_KEY_UISupportedInterfaceOrientations_iPad = "UIInterfaceOrientationPortrait UIInterfaceOrientationPortraitUpsideDown UIInterfaceOrientationLandscapeLeft UIInterfaceOrientationLandscapeRight";
				INFOPLIST_KEY_UISupportedInterfaceOrientations_iPhone = "UIInterfaceOrientationPortrait UIInterfaceOrientationLandscapeLeft UIInterfaceOrientationLandscapeRight";
				LD_RUNPATH_SEARCH_PATHS = (
					"$(inherited)",
					"@executable_path/Frameworks",
				);
				MARKETING_VERSION = 1.0;
				PRODUCT_BUNDLE_IDENTIFIER = ua.com.ksenofontova.EnemyLossesApp;
				PRODUCT_NAME = "$(TARGET_NAME)";
				SWIFT_EMIT_LOC_STRINGS = YES;
				SWIFT_VERSION = 5.0;
				TARGETED_DEVICE_FAMILY = "1,2";
			};
			name = Debug;
		};
		896344062871F3F700ACB482 /* Release */ = {
			isa = XCBuildConfiguration;
			buildSettings = {
				ASSETCATALOG_COMPILER_APPICON_NAME = AppIcon;
				ASSETCATALOG_COMPILER_GLOBAL_ACCENT_COLOR_NAME = AccentColor;
				CODE_SIGN_STYLE = Automatic;
				CURRENT_PROJECT_VERSION = 1;
				DEVELOPMENT_TEAM = KY4JJAGL7X;
				GENERATE_INFOPLIST_FILE = YES;
				INFOPLIST_FILE = EnemyLossesApp/Info.plist;
				INFOPLIST_KEY_UIApplicationSupportsIndirectInputEvents = YES;
				INFOPLIST_KEY_UILaunchStoryboardName = LaunchScreen;
				INFOPLIST_KEY_UIMainStoryboardFile = Main;
				INFOPLIST_KEY_UISupportedInterfaceOrientations_iPad = "UIInterfaceOrientationPortrait UIInterfaceOrientationPortraitUpsideDown UIInterfaceOrientationLandscapeLeft UIInterfaceOrientationLandscapeRight";
				INFOPLIST_KEY_UISupportedInterfaceOrientations_iPhone = "UIInterfaceOrientationPortrait UIInterfaceOrientationLandscapeLeft UIInterfaceOrientationLandscapeRight";
				LD_RUNPATH_SEARCH_PATHS = (
					"$(inherited)",
					"@executable_path/Frameworks",
				);
				MARKETING_VERSION = 1.0;
				PRODUCT_BUNDLE_IDENTIFIER = ua.com.ksenofontova.EnemyLossesApp;
				PRODUCT_NAME = "$(TARGET_NAME)";
				SWIFT_EMIT_LOC_STRINGS = YES;
				SWIFT_VERSION = 5.0;
				TARGETED_DEVICE_FAMILY = "1,2";
			};
			name = Release;
		};
/* End XCBuildConfiguration section */

/* Begin XCConfigurationList section */
		896343EB2871F3F400ACB482 /* Build configuration list for PBXProject "EnemyLossesApp" */ = {
			isa = XCConfigurationList;
			buildConfigurations = (
				896344022871F3F700ACB482 /* Debug */,
				896344032871F3F700ACB482 /* Release */,
			);
			defaultConfigurationIsVisible = 0;
			defaultConfigurationName = Release;
		};
		896344042871F3F700ACB482 /* Build configuration list for PBXNativeTarget "EnemyLossesApp" */ = {
			isa = XCConfigurationList;
			buildConfigurations = (
				896344052871F3F700ACB482 /* Debug */,
				896344062871F3F700ACB482 /* Release */,
			);
			defaultConfigurationIsVisible = 0;
			defaultConfigurationName = Release;
		};
/* End XCConfigurationList section */
	};
	rootObject = 896343E82871F3F400ACB482 /* Project object */;
}
